
Microsoft Visual Studio Solution File, Format Version 12.00
# Visual Studio Version 16
VisualStudioVersion = 16.0.30320.27
MinimumVisualStudioVersion = 10.0.40219.1
Project("{888888A0-9F3D-457C-B088-3A5042F75D52}") = "TradeBot", "TradeBot\TradeBot.pyproj", "{4BA10A13-3F60-4979-BBB9-C2AC2D5C5779}"
EndProject
Global
	GlobalSection(SolutionConfigurationPlatforms) = preSolution
		Debug|Any CPU = Debug|Any CPU
		Release|Any CPU = Release|Any CPU
	EndGlobalSection
	GlobalSection(ProjectConfigurationPlatforms) = postSolution
		{4BA10A13-3F60-4979-BBB9-C2AC2D5C5779}.Debug|Any CPU.ActiveCfg = Debug|Any CPU
		{4BA10A13-3F60-4979-BBB9-C2AC2D5C5779}.Release|Any CPU.ActiveCfg = Release|Any CPU
	EndGlobalSection
	GlobalSection(SolutionProperties) = preSolution
		HideSolutionNode = FALSE
	EndGlobalSection
	GlobalSection(ExtensibilityGlobals) = postSolution
		SolutionGuid = {524C42A4-C4D2-4360-8C5A-BDCADF9E805C}
	EndGlobalSection
EndGlobal
